<?xml version="1.0" encoding="utf-8"?>
<Project ToolsVersion="4.0" xmlns="http://schemas.microsoft.com/developer/msbuild/2003">
  <ItemGroup>
    <ClCompile Include="Render\Camera.cpp">
      <Filter>Render</Filter>
    </ClCompile>
    <ClCompile Include="Render\Render.cpp">
      <Filter>Render</Filter>
    </ClCompile>
    <ClCompile Include="main.cpp" />
    <ClCompile Include="callbacks.cpp" />
    <ClCompile Include="ForceGenerator.cpp">
      <Filter>Generators</Filter>
    </ClCompile>
    <ClCompile Include="GravityGenerator.cpp">
      <Filter>Generators</Filter>
    </ClCompile>
    <ClCompile Include="SpringGenerator.cpp">
      <Filter>Generators</Filter>
    </ClCompile>
    <ClCompile Include="WhirlGenerator.cpp">
      <Filter>Generators</Filter>
    </ClCompile>
    <ClCompile Include="WindGenerator.cpp">
      <Filter>Generators</Filter>
    </ClCompile>
    <ClCompile Include="BuoyancyForceGenerator.cpp">
      <Filter>Generators</Filter>
    </ClCompile>
    <ClCompile Include="HairTieGenerator.cpp">
      <Filter>Generators</Filter>
    </ClCompile>
    <ClCompile Include="ParticleSys.cpp">
      <Filter>Systems</Filter>
    </ClCompile>
    <ClCompile Include="PopForceRegistry.cpp">
      <Filter>Systems</Filter>
    </ClCompile>
    <ClCompile Include="RigidBodySys.cpp">
      <Filter>Systems</Filter>
    </ClCompile>
    <ClCompile Include="Particle.cpp">
      <Filter>Elements</Filter>
    </ClCompile>
    <ClCompile Include="ParticleShape.cpp">
      <Filter>Elements</Filter>
    </ClCompile>
    <ClCompile Include="Proyectil.cpp">
      <Filter>Elements</Filter>
    </ClCompile>
    <ClCompile Include="RigidDinBody.cpp">
      <Filter>Elements</Filter>
    </ClCompile>
    <ClCompile Include="Zone.cpp">
      <Filter>Utils</Filter>
    </ClCompile>
    <ClCompile Include="RenderUtils.cpp">
      <Filter>Utils</Filter>
    </ClCompile>
  </ItemGroup>
  <ItemGroup>
    <ClInclude Include="core.hpp" />
    <ClInclude Include="Render\Camera.h">
      <Filter>Render</Filter>
    </ClInclude>
    <ClInclude Include="Render\Render.h">
      <Filter>Render</Filter>
    </ClInclude>
    <ClInclude Include="callbacks.hpp" />
    <ClInclude Include="ForceGenerator.h">
      <Filter>Generators</Filter>
    </ClInclude>
    <ClInclude Include="GravityGenerator.h">
      <Filter>Generators</Filter>
    </ClInclude>
    <ClInclude Include="SpringGenerator.h">
      <Filter>Generators</Filter>
    </ClInclude>
    <ClInclude Include="WhirlGenerator.h">
      <Filter>Generators</Filter>
    </ClInclude>
    <ClInclude Include="WindGenerator.h">
      <Filter>Generators</Filter>
    </ClInclude>
    <ClInclude Include="BuoyancyForceGenerator.h">
      <Filter>Generators</Filter>
    </ClInclude>
    <ClInclude Include="HairTieGenerator.h">
      <Filter>Generators</Filter>
    </ClInclude>
    <ClInclude Include="ParticleSys.h">
      <Filter>Systems</Filter>
    </ClInclude>
    <ClInclude Include="PopForceRegistry.h">
      <Filter>Systems</Filter>
    </ClInclude>
    <ClInclude Include="RigidBodySys.h">
      <Filter>Systems</Filter>
    </ClInclude>
    <ClInclude Include="Particle.h">
      <Filter>Elements</Filter>
    </ClInclude>
    <ClInclude Include="ParticleShape.h">
      <Filter>Elements</Filter>
    </ClInclude>
    <ClInclude Include="Proyectil.h">
      <Filter>Elements</Filter>
    </ClInclude>
    <ClInclude Include="RigidDinBody.h">
      <Filter>Elements</Filter>
    </ClInclude>
    <ClInclude Include="Zone.h">
      <Filter>Utils</Filter>
    </ClInclude>
    <ClInclude Include="RenderUtils.hpp">
      <Filter>Utils</Filter>
    </ClInclude>
  </ItemGroup>
  <ItemGroup>
    <Filter Include="Render">
      <UniqueIdentifier>{d04b4f9f-5a69-465e-8070-25c6d0bcd3c2}</UniqueIdentifier>
    </Filter>
    <Filter Include="Generators">
      <UniqueIdentifier>{2487d035-3a07-4166-aba1-1ce18478ea30}</UniqueIdentifier>
    </Filter>
    <Filter Include="Systems">
      <UniqueIdentifier>{032029bb-766b-4067-9c15-4fd4dbd3301f}</UniqueIdentifier>
    </Filter>
    <Filter Include="Elements">
      <UniqueIdentifier>{ddce59a4-c3f8-406e-8433-904478980255}</UniqueIdentifier>
    </Filter>
    <Filter Include="Utils">
      <UniqueIdentifier>{ca67d3de-0d59-410f-9094-8f8db02fa4de}</UniqueIdentifier>
    </Filter>
  </ItemGroup>
</Project>